
Microsoft Visual Studio Solution File, Format Version 12.00
# Visual Studio 14
VisualStudioVersion = 14.0.25420.1
MinimumVisualStudioVersion = 10.0.40219.1
Project("{FAE04EC0-301F-11D3-BF4B-00C04F79EFBC}") = "RTLS.Domins", "RTLS.Domins\RTLS.Domins.csproj", "{D7B09E55-7CBD-4381-BFAC-46AD6930C4D8}"
EndProject
Project("{FAE04EC0-301F-11D3-BF4B-00C04F79EFBC}") = "RTLS.DataAccess", "RTLS.DataAccess\RTLS.DataAccess.csproj", "{CF578A05-D99B-4E09-A340-76E44EECB664}"
EndProject
Project("{FAE04EC0-301F-11D3-BF4B-00C04F79EFBC}") = "RTLS.Business", "RTLS.Business\RTLS.Business.csproj", "{EE020A70-2727-47BC-BF53-7F4ECE14F60F}"
EndProject
Project("{FAE04EC0-301F-11D3-BF4B-00C04F79EFBC}") = "RTLS.Services", "RTLS.Services\RTLS.Services.csproj", "{8394C5F6-B19B-4C04-BA39-664A53A61066}"
EndProject
Global
	GlobalSection(SolutionConfigurationPlatforms) = preSolution
		Debug|Any CPU = Debug|Any CPU
		Release|Any CPU = Release|Any CPU
	EndGlobalSection
	GlobalSection(ProjectConfigurationPlatforms) = postSolution
		{D7B09E55-7CBD-4381-BFAC-46AD6930C4D8}.Debug|Any CPU.ActiveCfg = Debug|Any CPU
		{D7B09E55-7CBD-4381-BFAC-46AD6930C4D8}.Debug|Any CPU.Build.0 = Debug|Any CPU
		{D7B09E55-7CBD-4381-BFAC-46AD6930C4D8}.Release|Any CPU.ActiveCfg = Release|Any CPU
		{D7B09E55-7CBD-4381-BFAC-46AD6930C4D8}.Release|Any CPU.Build.0 = Release|Any CPU
		{CF578A05-D99B-4E09-A340-76E44EECB664}.Debug|Any CPU.ActiveCfg = Debug|Any CPU
		{CF578A05-D99B-4E09-A340-76E44EECB664}.Debug|Any CPU.Build.0 = Debug|Any CPU
		{CF578A05-D99B-4E09-A340-76E44EECB664}.Release|Any CPU.ActiveCfg = Release|Any CPU
		{CF578A05-D99B-4E09-A340-76E44EECB664}.Release|Any CPU.Build.0 = Release|Any CPU
		{EE020A70-2727-47BC-BF53-7F4ECE14F60F}.Debug|Any CPU.ActiveCfg = Debug|Any CPU
		{EE020A70-2727-47BC-BF53-7F4ECE14F60F}.Debug|Any CPU.Build.0 = Debug|Any CPU
		{EE020A70-2727-47BC-BF53-7F4ECE14F60F}.Release|Any CPU.ActiveCfg = Release|Any CPU
		{EE020A70-2727-47BC-BF53-7F4ECE14F60F}.Release|Any CPU.Build.0 = Release|Any CPU
		{8394C5F6-B19B-4C04-BA39-664A53A61066}.Debug|Any CPU.ActiveCfg = Debug|Any CPU
		{8394C5F6-B19B-4C04-BA39-664A53A61066}.Debug|Any CPU.Build.0 = Debug|Any CPU
		{8394C5F6-B19B-4C04-BA39-664A53A61066}.Release|Any CPU.ActiveCfg = Release|Any CPU
		{8394C5F6-B19B-4C04-BA39-664A53A61066}.Release|Any CPU.Build.0 = Release|Any CPU
	EndGlobalSection
	GlobalSection(SolutionProperties) = preSolution
		HideSolutionNode = FALSE
	EndGlobalSection
EndGlobal
